
Microsoft Visual Studio Solution File, Format Version 12.00
# Visual Studio Version 17
VisualStudioVersion = 17.14.36717.8
MinimumVisualStudioVersion = 10.0.40219.1
Project("{2150E333-8FDC-42A3-9474-1A3956D46DE8}") = "Array_Easy", "Array_Easy", "{02EA681E-C7D8-13C7-8484-4AC65E1B71E8}"
EndProject
Project("{FAE04EC0-301F-11D3-BF4B-00C04F79EFBC}") = "Largest_Element_in_a_Array", "Largest_Element_in_a_Array\Largest_Element_in_a_Array.csproj", "{774A4085-FE10-42A0-8886-394D64444BC3}"
EndProject
Project("{2150E333-8FDC-42A3-9474-1A3956D46DE8}") = "Basic_Maths", "Basic_Maths", "{1B2FDA15-05A9-44E5-B2F5-6E899A6727BD}"
EndProject
Project("{FAE04EC0-301F-11D3-BF4B-00C04F79EFBC}") = "Count_Digits", "Count_Digits\Count_Digits.csproj", "{A9D5D643-68F9-4249-BA2C-C457CF702F56}"
EndProject
Project("{FAE04EC0-301F-11D3-BF4B-00C04F79EFBC}") = "ReverseDigit", "ReverseDigit\ReverseDigit.csproj", "{0EB0039D-AD74-4018-A953-09B24473D43D}"
EndProject
Project("{FAE04EC0-301F-11D3-BF4B-00C04F79EFBC}") = "CheckPalindrome", "CheckPalindrome\CheckPalindrome.csproj", "{5E4EBB48-7505-4EE1-B577-40EC97EA2065}"
EndProject
Project("{FAE04EC0-301F-11D3-BF4B-00C04F79EFBC}") = "FindGCD", "FindGCD\FindGCD.csproj", "{1E48BD56-C6A2-4AE5-894B-A3A7A79D3742}"
EndProject
Global
	GlobalSection(SolutionConfigurationPlatforms) = preSolution
		Debug|Any CPU = Debug|Any CPU
		Release|Any CPU = Release|Any CPU
	EndGlobalSection
	GlobalSection(ProjectConfigurationPlatforms) = postSolution
		{774A4085-FE10-42A0-8886-394D64444BC3}.Debug|Any CPU.ActiveCfg = Debug|Any CPU
		{774A4085-FE10-42A0-8886-394D64444BC3}.Debug|Any CPU.Build.0 = Debug|Any CPU
		{774A4085-FE10-42A0-8886-394D64444BC3}.Release|Any CPU.ActiveCfg = Release|Any CPU
		{774A4085-FE10-42A0-8886-394D64444BC3}.Release|Any CPU.Build.0 = Release|Any CPU
		{A9D5D643-68F9-4249-BA2C-C457CF702F56}.Debug|Any CPU.ActiveCfg = Debug|Any CPU
		{A9D5D643-68F9-4249-BA2C-C457CF702F56}.Debug|Any CPU.Build.0 = Debug|Any CPU
		{A9D5D643-68F9-4249-BA2C-C457CF702F56}.Release|Any CPU.ActiveCfg = Release|Any CPU
		{A9D5D643-68F9-4249-BA2C-C457CF702F56}.Release|Any CPU.Build.0 = Release|Any CPU
		{0EB0039D-AD74-4018-A953-09B24473D43D}.Debug|Any CPU.ActiveCfg = Debug|Any CPU
		{0EB0039D-AD74-4018-A953-09B24473D43D}.Debug|Any CPU.Build.0 = Debug|Any CPU
		{0EB0039D-AD74-4018-A953-09B24473D43D}.Release|Any CPU.ActiveCfg = Release|Any CPU
		{0EB0039D-AD74-4018-A953-09B24473D43D}.Release|Any CPU.Build.0 = Release|Any CPU
		{5E4EBB48-7505-4EE1-B577-40EC97EA2065}.Debug|Any CPU.ActiveCfg = Debug|Any CPU
		{5E4EBB48-7505-4EE1-B577-40EC97EA2065}.Debug|Any CPU.Build.0 = Debug|Any CPU
		{5E4EBB48-7505-4EE1-B577-40EC97EA2065}.Release|Any CPU.ActiveCfg = Release|Any CPU
		{5E4EBB48-7505-4EE1-B577-40EC97EA2065}.Release|Any CPU.Build.0 = Release|Any CPU
		{1E48BD56-C6A2-4AE5-894B-A3A7A79D3742}.Debug|Any CPU.ActiveCfg = Debug|Any CPU
		{1E48BD56-C6A2-4AE5-894B-A3A7A79D3742}.Debug|Any CPU.Build.0 = Debug|Any CPU
		{1E48BD56-C6A2-4AE5-894B-A3A7A79D3742}.Release|Any CPU.ActiveCfg = Release|Any CPU
		{1E48BD56-C6A2-4AE5-894B-A3A7A79D3742}.Release|Any CPU.Build.0 = Release|Any CPU
	EndGlobalSection
	GlobalSection(SolutionProperties) = preSolution
		HideSolutionNode = FALSE
	EndGlobalSection
	GlobalSection(NestedProjects) = preSolution
		{774A4085-FE10-42A0-8886-394D64444BC3} = {02EA681E-C7D8-13C7-8484-4AC65E1B71E8}
		{A9D5D643-68F9-4249-BA2C-C457CF702F56} = {1B2FDA15-05A9-44E5-B2F5-6E899A6727BD}
		{0EB0039D-AD74-4018-A953-09B24473D43D} = {1B2FDA15-05A9-44E5-B2F5-6E899A6727BD}
		{5E4EBB48-7505-4EE1-B577-40EC97EA2065} = {1B2FDA15-05A9-44E5-B2F5-6E899A6727BD}
		{1E48BD56-C6A2-4AE5-894B-A3A7A79D3742} = {1B2FDA15-05A9-44E5-B2F5-6E899A6727BD}
	EndGlobalSection
	GlobalSection(ExtensibilityGlobals) = postSolution
		SolutionGuid = {BBE4E793-87D3-4B76-BC33-C9D04FE25A13}
	EndGlobalSection
EndGlobal
