
Microsoft Visual Studio Solution File, Format Version 12.00
# Visual Studio Version 17
VisualStudioVersion = 17.14.36310.24
MinimumVisualStudioVersion = 10.0.40219.1
Project("{FAE04EC0-301F-11D3-BF4B-00C04F79EFBC}") = "Problem_1999C", "Problem_1999C\Problem_1999C.csproj", "{D701D4E4-D757-FDE4-0545-8CD6F6C00DB7}"
EndProject
Project("{FAE04EC0-301F-11D3-BF4B-00C04F79EFBC}") = "Problem_2008A", "Problem_2008A\Problem_2008A.csproj", "{C9563D6E-7856-84DB-E4AC-69A1F3CF47AB}"
EndProject
Project("{FAE04EC0-301F-11D3-BF4B-00C04F79EFBC}") = "Problem_2044C", "Problem_2044C\Problem_2044C.csproj", "{E0336F3E-64EE-A75C-8B55-3D4D09D8885E}"
EndProject
Project("{FAE04EC0-301F-11D3-BF4B-00C04F79EFBC}") = "Problem_9A", "Problem_9A\Problem_9A.csproj", "{B2DFD372-1B88-843D-B9A9-A815B3AA2480}"
EndProject
Project("{FAE04EC0-301F-11D3-BF4B-00C04F79EFBC}") = "Problem_158B", "Problem_158B\Problem_158B.csproj", "{360637BB-843B-A65A-2C11-EFEBDB6A5659}"
EndProject
Project("{FAE04EC0-301F-11D3-BF4B-00C04F79EFBC}") = "Problem_432A", "Problem_432A\Problem_432A.csproj", "{DD5ED2FE-2600-C673-C3D7-2772D3AA9227}"
EndProject
Project("{FAE04EC0-301F-11D3-BF4B-00C04F79EFBC}") = "Problem_490A", "Problem_490A\Problem_490A.csproj", "{9EAF2ED8-35EB-675F-DEF7-B66FCD020AFF}"
EndProject
Project("{FAE04EC0-301F-11D3-BF4B-00C04F79EFBC}") = "Problem_702A", "Problem_702A\Problem_702A.csproj", "{A9428887-AE46-A4DF-287A-3B63A207A450}"
EndProject
Project("{FAE04EC0-301F-11D3-BF4B-00C04F79EFBC}") = "Problem_703A", "Problem_703A\Problem_703A.csproj", "{02FF10B7-4680-1785-7FFF-8EC6AB10E030}"
EndProject
Project("{FAE04EC0-301F-11D3-BF4B-00C04F79EFBC}") = "Problem_707A", "Problem_707A\Problem_707A.csproj", "{B7523BFA-8EC9-3261-7354-DEE7AACEFF37}"
EndProject
Project("{FAE04EC0-301F-11D3-BF4B-00C04F79EFBC}") = "Problem_749A", "Problem_749A\Problem_749A.csproj", "{9CCB4371-052F-C7A0-911D-E829B34EB148}"
EndProject
Project("{FAE04EC0-301F-11D3-BF4B-00C04F79EFBC}") = "Problem_758A", "Problem_758A\Problem_758A.csproj", "{1EA3AFC4-5A62-13CB-AB04-C686A305670F}"
EndProject
Project("{FAE04EC0-301F-11D3-BF4B-00C04F79EFBC}") = "Problem_935A", "Problem_935A\Problem_935A.csproj", "{D42ABC3C-8726-FB71-A452-A0BD9B84A846}"
EndProject
Project("{FAE04EC0-301F-11D3-BF4B-00C04F79EFBC}") = "Problem_959A", "Problem_959A\Problem_959A.csproj", "{A344EF66-64E1-95A4-4AFB-BD32F34A7854}"
EndProject
Project("{FAE04EC0-301F-11D3-BF4B-00C04F79EFBC}") = "Problem_1097A", "Problem_1097A\Problem_1097A.csproj", "{619A21F6-8347-AC84-A33C-2DEA7BB63ED0}"
EndProject
Project("{FAE04EC0-301F-11D3-BF4B-00C04F79EFBC}") = "Problem_1283A", "Problem_1283A\Problem_1283A.csproj", "{5E39ACA7-5D62-7D48-1099-2D5F88D1D64C}"
EndProject
Project("{FAE04EC0-301F-11D3-BF4B-00C04F79EFBC}") = "Problem_1294A", "Problem_1294A\Problem_1294A.csproj", "{5E619CC6-9F16-D6A9-1410-6A96D14BAE67}"
EndProject
Project("{FAE04EC0-301F-11D3-BF4B-00C04F79EFBC}") = "Problem_1311A", "Problem_1311A\Problem_1311A.csproj", "{0D8DBC22-1CAB-0C40-E376-0DE772E1B5B3}"
EndProject
Project("{FAE04EC0-301F-11D3-BF4B-00C04F79EFBC}") = "Problem_1337A", "Problem_1337A\Problem_1337A.csproj", "{3F9C37D4-913B-CCFB-5B1A-35D0B88D8715}"
EndProject
Project("{FAE04EC0-301F-11D3-BF4B-00C04F79EFBC}") = "Problem_1343B", "Problem_1343B\Problem_1343B.csproj", "{C105F342-A691-104C-115A-84FA6952DAC5}"
EndProject
Project("{FAE04EC0-301F-11D3-BF4B-00C04F79EFBC}") = "Problem_1348A", "Problem_1348A\Problem_1348A.csproj", "{FF4EFDE0-8C3E-0D33-9051-DCBB7F8D3AE0}"
EndProject
Project("{FAE04EC0-301F-11D3-BF4B-00C04F79EFBC}") = "Problem_1353A", "Problem_1353A\Problem_1353A.csproj", "{62FA46C3-5731-C298-B0BC-F8154BB513EF}"
EndProject
Project("{FAE04EC0-301F-11D3-BF4B-00C04F79EFBC}") = "Problem_1358A", "Problem_1358A\Problem_1358A.csproj", "{7FF9BD88-1872-6040-9308-A4B19BB3ACF5}"
EndProject
Project("{FAE04EC0-301F-11D3-BF4B-00C04F79EFBC}") = "Problem_509A", "Problem_509A\Problem_509A.csproj", "{D8B70576-2A50-400D-B3C0-6476D8F4A9E3}"
EndProject
Global
	GlobalSection(SolutionConfigurationPlatforms) = preSolution
		Debug|Any CPU = Debug|Any CPU
		Release|Any CPU = Release|Any CPU
	EndGlobalSection
	GlobalSection(ProjectConfigurationPlatforms) = postSolution
		{D701D4E4-D757-FDE4-0545-8CD6F6C00DB7}.Debug|Any CPU.ActiveCfg = Debug|Any CPU
		{D701D4E4-D757-FDE4-0545-8CD6F6C00DB7}.Debug|Any CPU.Build.0 = Debug|Any CPU
		{D701D4E4-D757-FDE4-0545-8CD6F6C00DB7}.Release|Any CPU.ActiveCfg = Release|Any CPU
		{D701D4E4-D757-FDE4-0545-8CD6F6C00DB7}.Release|Any CPU.Build.0 = Release|Any CPU
		{C9563D6E-7856-84DB-E4AC-69A1F3CF47AB}.Debug|Any CPU.ActiveCfg = Debug|Any CPU
		{C9563D6E-7856-84DB-E4AC-69A1F3CF47AB}.Debug|Any CPU.Build.0 = Debug|Any CPU
		{C9563D6E-7856-84DB-E4AC-69A1F3CF47AB}.Release|Any CPU.ActiveCfg = Release|Any CPU
		{C9563D6E-7856-84DB-E4AC-69A1F3CF47AB}.Release|Any CPU.Build.0 = Release|Any CPU
		{E0336F3E-64EE-A75C-8B55-3D4D09D8885E}.Debug|Any CPU.ActiveCfg = Debug|Any CPU
		{E0336F3E-64EE-A75C-8B55-3D4D09D8885E}.Debug|Any CPU.Build.0 = Debug|Any CPU
		{E0336F3E-64EE-A75C-8B55-3D4D09D8885E}.Release|Any CPU.ActiveCfg = Release|Any CPU
		{E0336F3E-64EE-A75C-8B55-3D4D09D8885E}.Release|Any CPU.Build.0 = Release|Any CPU
		{B2DFD372-1B88-843D-B9A9-A815B3AA2480}.Debug|Any CPU.ActiveCfg = Debug|Any CPU
		{B2DFD372-1B88-843D-B9A9-A815B3AA2480}.Debug|Any CPU.Build.0 = Debug|Any CPU
		{B2DFD372-1B88-843D-B9A9-A815B3AA2480}.Release|Any CPU.ActiveCfg = Release|Any CPU
		{B2DFD372-1B88-843D-B9A9-A815B3AA2480}.Release|Any CPU.Build.0 = Release|Any CPU
		{360637BB-843B-A65A-2C11-EFEBDB6A5659}.Debug|Any CPU.ActiveCfg = Debug|Any CPU
		{360637BB-843B-A65A-2C11-EFEBDB6A5659}.Debug|Any CPU.Build.0 = Debug|Any CPU
		{360637BB-843B-A65A-2C11-EFEBDB6A5659}.Release|Any CPU.ActiveCfg = Release|Any CPU
		{360637BB-843B-A65A-2C11-EFEBDB6A5659}.Release|Any CPU.Build.0 = Release|Any CPU
		{DD5ED2FE-2600-C673-C3D7-2772D3AA9227}.Debug|Any CPU.ActiveCfg = Debug|Any CPU
		{DD5ED2FE-2600-C673-C3D7-2772D3AA9227}.Debug|Any CPU.Build.0 = Debug|Any CPU
		{DD5ED2FE-2600-C673-C3D7-2772D3AA9227}.Release|Any CPU.ActiveCfg = Release|Any CPU
		{DD5ED2FE-2600-C673-C3D7-2772D3AA9227}.Release|Any CPU.Build.0 = Release|Any CPU
		{9EAF2ED8-35EB-675F-DEF7-B66FCD020AFF}.Debug|Any CPU.ActiveCfg = Debug|Any CPU
		{9EAF2ED8-35EB-675F-DEF7-B66FCD020AFF}.Debug|Any CPU.Build.0 = Debug|Any CPU
		{9EAF2ED8-35EB-675F-DEF7-B66FCD020AFF}.Release|Any CPU.ActiveCfg = Release|Any CPU
		{9EAF2ED8-35EB-675F-DEF7-B66FCD020AFF}.Release|Any CPU.Build.0 = Release|Any CPU
		{A9428887-AE46-A4DF-287A-3B63A207A450}.Debug|Any CPU.ActiveCfg = Debug|Any CPU
		{A9428887-AE46-A4DF-287A-3B63A207A450}.Debug|Any CPU.Build.0 = Debug|Any CPU
		{A9428887-AE46-A4DF-287A-3B63A207A450}.Release|Any CPU.ActiveCfg = Release|Any CPU
		{A9428887-AE46-A4DF-287A-3B63A207A450}.Release|Any CPU.Build.0 = Release|Any CPU
		{02FF10B7-4680-1785-7FFF-8EC6AB10E030}.Debug|Any CPU.ActiveCfg = Debug|Any CPU
		{02FF10B7-4680-1785-7FFF-8EC6AB10E030}.Debug|Any CPU.Build.0 = Debug|Any CPU
		{02FF10B7-4680-1785-7FFF-8EC6AB10E030}.Release|Any CPU.ActiveCfg = Release|Any CPU
		{02FF10B7-4680-1785-7FFF-8EC6AB10E030}.Release|Any CPU.Build.0 = Release|Any CPU
		{B7523BFA-8EC9-3261-7354-DEE7AACEFF37}.Debug|Any CPU.ActiveCfg = Debug|Any CPU
		{B7523BFA-8EC9-3261-7354-DEE7AACEFF37}.Debug|Any CPU.Build.0 = Debug|Any CPU
		{B7523BFA-8EC9-3261-7354-DEE7AACEFF37}.Release|Any CPU.ActiveCfg = Release|Any CPU
		{B7523BFA-8EC9-3261-7354-DEE7AACEFF37}.Release|Any CPU.Build.0 = Release|Any CPU
		{9CCB4371-052F-C7A0-911D-E829B34EB148}.Debug|Any CPU.ActiveCfg = Debug|Any CPU
		{9CCB4371-052F-C7A0-911D-E829B34EB148}.Debug|Any CPU.Build.0 = Debug|Any CPU
		{9CCB4371-052F-C7A0-911D-E829B34EB148}.Release|Any CPU.ActiveCfg = Release|Any CPU
		{9CCB4371-052F-C7A0-911D-E829B34EB148}.Release|Any CPU.Build.0 = Release|Any CPU
		{1EA3AFC4-5A62-13CB-AB04-C686A305670F}.Debug|Any CPU.ActiveCfg = Debug|Any CPU
		{1EA3AFC4-5A62-13CB-AB04-C686A305670F}.Debug|Any CPU.Build.0 = Debug|Any CPU
		{1EA3AFC4-5A62-13CB-AB04-C686A305670F}.Release|Any CPU.ActiveCfg = Release|Any CPU
		{1EA3AFC4-5A62-13CB-AB04-C686A305670F}.Release|Any CPU.Build.0 = Release|Any CPU
		{D42ABC3C-8726-FB71-A452-A0BD9B84A846}.Debug|Any CPU.ActiveCfg = Debug|Any CPU
		{D42ABC3C-8726-FB71-A452-A0BD9B84A846}.Debug|Any CPU.Build.0 = Debug|Any CPU
		{D42ABC3C-8726-FB71-A452-A0BD9B84A846}.Release|Any CPU.ActiveCfg = Release|Any CPU
		{D42ABC3C-8726-FB71-A452-A0BD9B84A846}.Release|Any CPU.Build.0 = Release|Any CPU
		{A344EF66-64E1-95A4-4AFB-BD32F34A7854}.Debug|Any CPU.ActiveCfg = Debug|Any CPU
		{A344EF66-64E1-95A4-4AFB-BD32F34A7854}.Debug|Any CPU.Build.0 = Debug|Any CPU
		{A344EF66-64E1-95A4-4AFB-BD32F34A7854}.Release|Any CPU.ActiveCfg = Release|Any CPU
		{A344EF66-64E1-95A4-4AFB-BD32F34A7854}.Release|Any CPU.Build.0 = Release|Any CPU
		{619A21F6-8347-AC84-A33C-2DEA7BB63ED0}.Debug|Any CPU.ActiveCfg = Debug|Any CPU
		{619A21F6-8347-AC84-A33C-2DEA7BB63ED0}.Debug|Any CPU.Build.0 = Debug|Any CPU
		{619A21F6-8347-AC84-A33C-2DEA7BB63ED0}.Release|Any CPU.ActiveCfg = Release|Any CPU
		{619A21F6-8347-AC84-A33C-2DEA7BB63ED0}.Release|Any CPU.Build.0 = Release|Any CPU
		{5E39ACA7-5D62-7D48-1099-2D5F88D1D64C}.Debug|Any CPU.ActiveCfg = Debug|Any CPU
		{5E39ACA7-5D62-7D48-1099-2D5F88D1D64C}.Debug|Any CPU.Build.0 = Debug|Any CPU
		{5E39ACA7-5D62-7D48-1099-2D5F88D1D64C}.Release|Any CPU.ActiveCfg = Release|Any CPU
		{5E39ACA7-5D62-7D48-1099-2D5F88D1D64C}.Release|Any CPU.Build.0 = Release|Any CPU
		{5E619CC6-9F16-D6A9-1410-6A96D14BAE67}.Debug|Any CPU.ActiveCfg = Debug|Any CPU
		{5E619CC6-9F16-D6A9-1410-6A96D14BAE67}.Debug|Any CPU.Build.0 = Debug|Any CPU
		{5E619CC6-9F16-D6A9-1410-6A96D14BAE67}.Release|Any CPU.ActiveCfg = Release|Any CPU
		{5E619CC6-9F16-D6A9-1410-6A96D14BAE67}.Release|Any CPU.Build.0 = Release|Any CPU
		{0D8DBC22-1CAB-0C40-E376-0DE772E1B5B3}.Debug|Any CPU.ActiveCfg = Debug|Any CPU
		{0D8DBC22-1CAB-0C40-E376-0DE772E1B5B3}.Debug|Any CPU.Build.0 = Debug|Any CPU
		{0D8DBC22-1CAB-0C40-E376-0DE772E1B5B3}.Release|Any CPU.ActiveCfg = Release|Any CPU
		{0D8DBC22-1CAB-0C40-E376-0DE772E1B5B3}.Release|Any CPU.Build.0 = Release|Any CPU
		{3F9C37D4-913B-CCFB-5B1A-35D0B88D8715}.Debug|Any CPU.ActiveCfg = Debug|Any CPU
		{3F9C37D4-913B-CCFB-5B1A-35D0B88D8715}.Debug|Any CPU.Build.0 = Debug|Any CPU
		{3F9C37D4-913B-CCFB-5B1A-35D0B88D8715}.Release|Any CPU.ActiveCfg = Release|Any CPU
		{3F9C37D4-913B-CCFB-5B1A-35D0B88D8715}.Release|Any CPU.Build.0 = Release|Any CPU
		{C105F342-A691-104C-115A-84FA6952DAC5}.Debug|Any CPU.ActiveCfg = Debug|Any CPU
		{C105F342-A691-104C-115A-84FA6952DAC5}.Debug|Any CPU.Build.0 = Debug|Any CPU
		{C105F342-A691-104C-115A-84FA6952DAC5}.Release|Any CPU.ActiveCfg = Release|Any CPU
		{C105F342-A691-104C-115A-84FA6952DAC5}.Release|Any CPU.Build.0 = Release|Any CPU
		{FF4EFDE0-8C3E-0D33-9051-DCBB7F8D3AE0}.Debug|Any CPU.ActiveCfg = Debug|Any CPU
		{FF4EFDE0-8C3E-0D33-9051-DCBB7F8D3AE0}.Debug|Any CPU.Build.0 = Debug|Any CPU
		{FF4EFDE0-8C3E-0D33-9051-DCBB7F8D3AE0}.Release|Any CPU.ActiveCfg = Release|Any CPU
		{FF4EFDE0-8C3E-0D33-9051-DCBB7F8D3AE0}.Release|Any CPU.Build.0 = Release|Any CPU
		{62FA46C3-5731-C298-B0BC-F8154BB513EF}.Debug|Any CPU.ActiveCfg = Debug|Any CPU
		{62FA46C3-5731-C298-B0BC-F8154BB513EF}.Debug|Any CPU.Build.0 = Debug|Any CPU
		{62FA46C3-5731-C298-B0BC-F8154BB513EF}.Release|Any CPU.ActiveCfg = Release|Any CPU
		{62FA46C3-5731-C298-B0BC-F8154BB513EF}.Release|Any CPU.Build.0 = Release|Any CPU
		{7FF9BD88-1872-6040-9308-A4B19BB3ACF5}.Debug|Any CPU.ActiveCfg = Debug|Any CPU
		{7FF9BD88-1872-6040-9308-A4B19BB3ACF5}.Debug|Any CPU.Build.0 = Debug|Any CPU
		{7FF9BD88-1872-6040-9308-A4B19BB3ACF5}.Release|Any CPU.ActiveCfg = Release|Any CPU
		{7FF9BD88-1872-6040-9308-A4B19BB3ACF5}.Release|Any CPU.Build.0 = Release|Any CPU
		{D8B70576-2A50-400D-B3C0-6476D8F4A9E3}.Debug|Any CPU.ActiveCfg = Debug|Any CPU
		{D8B70576-2A50-400D-B3C0-6476D8F4A9E3}.Debug|Any CPU.Build.0 = Debug|Any CPU
		{D8B70576-2A50-400D-B3C0-6476D8F4A9E3}.Release|Any CPU.ActiveCfg = Release|Any CPU
		{D8B70576-2A50-400D-B3C0-6476D8F4A9E3}.Release|Any CPU.Build.0 = Release|Any CPU
	EndGlobalSection
	GlobalSection(SolutionProperties) = preSolution
		HideSolutionNode = FALSE
	EndGlobalSection
	GlobalSection(ExtensibilityGlobals) = postSolution
		SolutionGuid = {33A1CF39-F677-4756-8925-912F2BECC19C}
	EndGlobalSection
EndGlobal
